
Microsoft Visual Studio Solution File, Format Version 12.00
# Visual Studio Version 17
VisualStudioVersion = 17.6.33712.159
MinimumVisualStudioVersion = 10.0.40219.1
Project("{FAE04EC0-301F-11D3-BF4B-00C04F79EFBC}") = "SSHarp", "SSHarp\SSHarp.csproj", "{6A3A1B64-4751-417D-BF76-91B46D092769}"
EndProject
Project("{54435603-DBB4-11D2-8724-00A0C9A8B90C}") = "Setup", "Setup\Setup.vdproj", "{8071F8FD-1788-42FB-9AF4-9876834FC3A7}"
EndProject
Global
	GlobalSection(SolutionConfigurationPlatforms) = preSolution
		Debug|Any CPU = Debug|Any CPU
		Release|Any CPU = Release|Any CPU
	EndGlobalSection
	GlobalSection(ProjectConfigurationPlatforms) = postSolution
		{6A3A1B64-4751-417D-BF76-91B46D092769}.Debug|Any CPU.ActiveCfg = Debug|Any CPU
		{6A3A1B64-4751-417D-BF76-91B46D092769}.Debug|Any CPU.Build.0 = Debug|Any CPU
		{6A3A1B64-4751-417D-BF76-91B46D092769}.Release|Any CPU.ActiveCfg = Release|Any CPU
		{6A3A1B64-4751-417D-BF76-91B46D092769}.Release|Any CPU.Build.0 = Release|Any CPU
		{8071F8FD-1788-42FB-9AF4-9876834FC3A7}.Debug|Any CPU.ActiveCfg = Debug
		{8071F8FD-1788-42FB-9AF4-9876834FC3A7}.Release|Any CPU.ActiveCfg = Release
	EndGlobalSection
	GlobalSection(SolutionProperties) = preSolution
		HideSolutionNode = FALSE
	EndGlobalSection
	GlobalSection(ExtensibilityGlobals) = postSolution
		SolutionGuid = {53FEE3B5-A3A9-482E-974C-AAE991CE7435}
	EndGlobalSection
EndGlobal
